
Microsoft Visual Studio Solution File, Format Version 12.00
# Visual Studio 15
VisualStudioVersion = 15.0.28010.2048
MinimumVisualStudioVersion = 10.0.40219.1
Project("{FAE04EC0-301F-11D3-BF4B-00C04F79EFBC}") = "ListViewAdapterTutorial", "ListViewAdapterTutorial\ListViewAdapterTutorial.csproj", "{0F12E120-E503-4001-AFF6-C6F3BC519D0B}"
EndProject
Global
	GlobalSection(SolutionConfigurationPlatforms) = preSolution
		Debug|Any CPU = Debug|Any CPU
		Release|Any CPU = Release|Any CPU
	EndGlobalSection
	GlobalSection(ProjectConfigurationPlatforms) = postSolution
		{0F12E120-E503-4001-AFF6-C6F3BC519D0B}.Debug|Any CPU.ActiveCfg = Debug|Any CPU
		{0F12E120-E503-4001-AFF6-C6F3BC519D0B}.Debug|Any CPU.Build.0 = Debug|Any CPU
		{0F12E120-E503-4001-AFF6-C6F3BC519D0B}.Debug|Any CPU.Deploy.0 = Debug|Any CPU
		{0F12E120-E503-4001-AFF6-C6F3BC519D0B}.Release|Any CPU.ActiveCfg = Release|Any CPU
		{0F12E120-E503-4001-AFF6-C6F3BC519D0B}.Release|Any CPU.Build.0 = Release|Any CPU
		{0F12E120-E503-4001-AFF6-C6F3BC519D0B}.Release|Any CPU.Deploy.0 = Release|Any CPU
	EndGlobalSection
	GlobalSection(SolutionProperties) = preSolution
		HideSolutionNode = FALSE
	EndGlobalSection
	GlobalSection(ExtensibilityGlobals) = postSolution
		SolutionGuid = {5DA1BC95-00C3-483F-9BB8-B8A1C59731C6}
	EndGlobalSection
EndGlobal
